# THIS IS AN AUTOGENERATED FILE. DO NOT EDIT THIS FILE DIRECTLY.
# yarn lockfile v1


movies-names@^1.1.1:
  version "1.1.1"
  resolved "https://registry.yarnpkg.com/movies-names/-/movies-names-1.1.1.tgz#00269b0f755c634dcd5f3492604cd7f9092a7114"
  integrity sha512-TT9GoxZXJp/HeapCMLO7Urbtux6ImyrAvpxnDH6mGruNCaCanC1HGcoc/z69XfTmctvOmYmR3HJNg8VlT/XSdg==
  dependencies:
    unique-random-array "^2.0.0"

random-fruits-name@^1.9.6:
  version "1.9.6"
  resolved "https://registry.yarnpkg.com/random-fruits-name/-/random-fruits-name-1.9.6.tgz#9e4aaf6a9b2587f2d8836154d81736e4cc668aa7"
  integrity sha512-j+6zWg97z8Uw44dXJyP3qWPbyEKTLsuJVIZymNRXa+JZ3HmgpYgDvV3sTGUZyv4K3PXW0lTIU/u52pcuabcFEA==

unique-random-array@^2.0.0:
  version "2.0.0"
  resolved "https://registry.yarnpkg.com/unique-random-array/-/unique-random-array-2.0.0.tgz#9e639b1a9dc141e97350a6fc6f17da4b0717b1ad"
  integrity sha512-xR87O95fZ7hljw84J8r1YDXrvffPLWN513BNOP4Bv0KcgG5dyEUrHwsvP7mVAOKg4Y80uqRbpUk0GKr8il70qg==
  dependencies:
    unique-random "^2.1.0"

unique-random@^2.1.0:
  version "2.1.0"
  resolved "https://registry.yarnpkg.com/unique-random/-/unique-random-2.1.0.tgz#7a8413da5176d028567168b57125ac5c0cec5c25"
  integrity sha512-iQ1ZgWac3b8YxGThecQFRQiqgk6xFERRwHZIWeVVsqlbmgCRl0PY13R4mUkodNgctmg5b5odG1nyW/IbOxQTqg==
